// !$*UTF8*$!
{
	archiveVersion = 1;
	classes = {
	};
	objectVersion = 50;
	objects = {

/* Begin PBXBuildFile section */
		929F9D5A211EA95A0066BC69 /* AppDelegate.swift in Sources */ = {isa = PBXBuildFile; fileRef = 929F9D59211EA95A0066BC69 /* AppDelegate.swift */; };
		929F9D5C211EA95A0066BC69 /* GJContactsViewController.swift in Sources */ = {isa = PBXBuildFile; fileRef = 929F9D5B211EA95A0066BC69 /* GJContactsViewController.swift */; };
		929F9D5F211EA95A0066BC69 /* Main.storyboard in Resources */ = {isa = PBXBuildFile; fileRef = 929F9D5D211EA95A0066BC69 /* Main.storyboard */; };
		929F9D61211EA95C0066BC69 /* Assets.xcassets in Resources */ = {isa = PBXBuildFile; fileRef = 929F9D60211EA95C0066BC69 /* Assets.xcassets */; };
		929F9D64211EA95C0066BC69 /* LaunchScreen.storyboard in Resources */ = {isa = PBXBuildFile; fileRef = 929F9D62211EA95C0066BC69 /* LaunchScreen.storyboard */; };
		929F9D6F211EA95C0066BC69 /* GoJekTests.swift in Sources */ = {isa = PBXBuildFile; fileRef = 929F9D6E211EA95C0066BC69 /* GoJekTests.swift */; };
		929F9D7A211EA95C0066BC69 /* GoJekUITests.swift in Sources */ = {isa = PBXBuildFile; fileRef = 929F9D79211EA95C0066BC69 /* GoJekUITests.swift */; };
/* End PBXBuildFile section */

/* Begin PBXContainerItemProxy section */
		929F9D6B211EA95C0066BC69 /* PBXContainerItemProxy */ = {
			isa = PBXContainerItemProxy;
			containerPortal = 929F9D4E211EA95A0066BC69 /* Project object */;
			proxyType = 1;
			remoteGlobalIDString = 929F9D55211EA95A0066BC69;
			remoteInfo = GoJek;
		};
		929F9D76211EA95C0066BC69 /* PBXContainerItemProxy */ = {
			isa = PBXContainerItemProxy;
			containerPortal = 929F9D4E211EA95A0066BC69 /* Project object */;
			proxyType = 1;
			remoteGlobalIDString = 929F9D55211EA95A0066BC69;
			remoteInfo = GoJek;
		};
/* End PBXContainerItemProxy section */

/* Begin PBXFileReference section */
		929F9D56211EA95A0066BC69 /* GoJek.app */ = {isa = PBXFileReference; explicitFileType = wrapper.application; includeInIndex = 0; path = GoJek.app; sourceTree = BUILT_PRODUCTS_DIR; };
		929F9D59211EA95A0066BC69 /* AppDelegate.swift */ = {isa = PBXFileReference; lastKnownFileType = sourcecode.swift; path = AppDelegate.swift; sourceTree = "<group>"; };
		929F9D5B211EA95A0066BC69 /* GJContactsViewController.swift */ = {isa = PBXFileReference; lastKnownFileType = sourcecode.swift; path = GJContactsViewController.swift; sourceTree = "<group>"; };
		929F9D5E211EA95A0066BC69 /* Base */ = {isa = PBXFileReference; lastKnownFileType = file.storyboard; name = Base; path = Base.lproj/Main.storyboard; sourceTree = "<group>"; };
		929F9D60211EA95C0066BC69 /* Assets.xcassets */ = {isa = PBXFileReference; lastKnownFileType = folder.assetcatalog; path = Assets.xcassets; sourceTree = "<group>"; };
		929F9D63211EA95C0066BC69 /* Base */ = {isa = PBXFileReference; lastKnownFileType = file.storyboard; name = Base; path = Base.lproj/LaunchScreen.storyboard; sourceTree = "<group>"; };
		929F9D65211EA95C0066BC69 /* Info.plist */ = {isa = PBXFileReference; lastKnownFileType = text.plist.xml; path = Info.plist; sourceTree = "<group>"; };
		929F9D6A211EA95C0066BC69 /* GoJekTests.xctest */ = {isa = PBXFileReference; explicitFileType = wrapper.cfbundle; includeInIndex = 0; path = GoJekTests.xctest; sourceTree = BUILT_PRODUCTS_DIR; };
		929F9D6E211EA95C0066BC69 /* GoJekTests.swift */ = {isa = PBXFileReference; lastKnownFileType = sourcecode.swift; path = GoJekTests.swift; sourceTree = "<group>"; };
		929F9D70211EA95C0066BC69 /* Info.plist */ = {isa = PBXFileReference; lastKnownFileType = text.plist.xml; path = Info.plist; sourceTree = "<group>"; };
		929F9D75211EA95C0066BC69 /* GoJekUITests.xctest */ = {isa = PBXFileReference; explicitFileType = wrapper.cfbundle; includeInIndex = 0; path = GoJekUITests.xctest; sourceTree = BUILT_PRODUCTS_DIR; };
		929F9D79211EA95C0066BC69 /* GoJekUITests.swift */ = {isa = PBXFileReference; lastKnownFileType = sourcecode.swift; path = GoJekUITests.swift; sourceTree = "<group>"; };
		929F9D7B211EA95C0066BC69 /* Info.plist */ = {isa = PBXFileReference; lastKnownFileType = text.plist.xml; path = Info.plist; sourceTree = "<group>"; };
/* End PBXFileReference section */

/* Begin PBXFrameworksBuildPhase section */
		929F9D53211EA95A0066BC69 /* Frameworks */ = {
			isa = PBXFrameworksBuildPhase;
			buildActionMask = 2147483647;
			files = (
			);
			runOnlyForDeploymentPostprocessing = 0;
		};
		929F9D67211EA95C0066BC69 /* Frameworks */ = {
			isa = PBXFrameworksBuildPhase;
			buildActionMask = 2147483647;
			files = (
			);
			runOnlyForDeploymentPostprocessing = 0;
		};
		929F9D72211EA95C0066BC69 /* Frameworks */ = {
			isa = PBXFrameworksBuildPhase;
			buildActionMask = 2147483647;
			files = (
			);
			runOnlyForDeploymentPostprocessing = 0;
		};
/* End PBXFrameworksBuildPhase section */

/* Begin PBXGroup section */
		929F9D4D211EA95A0066BC69 = {
			isa = PBXGroup;
			children = (
				929F9D58211EA95A0066BC69 /* GoJek */,
				929F9D6D211EA95C0066BC69 /* GoJekTests */,
				929F9D78211EA95C0066BC69 /* GoJekUITests */,
				929F9D57211EA95A0066BC69 /* Products */,
			);
			sourceTree = "<group>";
		};
		929F9D57211EA95A0066BC69 /* Products */ = {
			isa = PBXGroup;
			children = (
				929F9D56211EA95A0066BC69 /* GoJek.app */,
				929F9D6A211EA95C0066BC69 /* GoJekTests.xctest */,
				929F9D75211EA95C0066BC69 /* GoJekUITests.xctest */,
			);
			name = Products;
			sourceTree = "<group>";
		};
		929F9D58211EA95A0066BC69 /* GoJek */ = {
			isa = PBXGroup;
			children = (
				929F9D59211EA95A0066BC69 /* AppDelegate.swift */,
				929F9D5B211EA95A0066BC69 /* GJContactsViewController.swift */,
				929F9D5D211EA95A0066BC69 /* Main.storyboard */,
				929F9D60211EA95C0066BC69 /* Assets.xcassets */,
				929F9D62211EA95C0066BC69 /* LaunchScreen.storyboard */,
				929F9D65211EA95C0066BC69 /* Info.plist */,
			);
			path = GoJek;
			sourceTree = "<group>";
		};
		929F9D6D211EA95C0066BC69 /* GoJekTests */ = {
			isa = PBXGroup;
			children = (
				929F9D6E211EA95C0066BC69 /* GoJekTests.swift */,
				929F9D70211EA95C0066BC69 /* Info.plist */,
			);
			path = GoJekTests;
			sourceTree = "<group>";
		};
		929F9D78211EA95C0066BC69 /* GoJekUITests */ = {
			isa = PBXGroup;
			children = (
				929F9D79211EA95C0066BC69 /* GoJekUITests.swift */,
				929F9D7B211EA95C0066BC69 /* Info.plist */,
			);
			path = GoJekUITests;
			sourceTree = "<group>";
		};
/* End PBXGroup section */

/* Begin PBXNativeTarget section */
		929F9D55211EA95A0066BC69 /* GoJek */ = {
			isa = PBXNativeTarget;
			buildConfigurationList = 929F9D7E211EA95C0066BC69 /* Build configuration list for PBXNativeTarget "GoJek" */;
			buildPhases = (
				929F9D52211EA95A0066BC69 /* Sources */,
				929F9D53211EA95A0066BC69 /* Frameworks */,
				929F9D54211EA95A0066BC69 /* Resources */,
			);
			buildRules = (
			);
			dependencies = (
			);
			name = GoJek;
			productName = GoJek;
			productReference = 929F9D56211EA95A0066BC69 /* GoJek.app */;
			productType = "com.apple.product-type.application";
		};
		929F9D69211EA95C0066BC69 /* GoJekTests */ = {
			isa = PBXNativeTarget;
			buildConfigurationList = 929F9D81211EA95C0066BC69 /* Build configuration list for PBXNativeTarget "GoJekTests" */;
			buildPhases = (
				929F9D66211EA95C0066BC69 /* Sources */,
				929F9D67211EA95C0066BC69 /* Frameworks */,
				929F9D68211EA95C0066BC69 /* Resources */,
			);
			buildRules = (
			);
			dependencies = (
				929F9D6C211EA95C0066BC69 /* PBXTargetDependency */,
			);
			name = GoJekTests;
			productName = GoJekTests;
			productReference = 929F9D6A211EA95C0066BC69 /* GoJekTests.xctest */;
			productType = "com.apple.product-type.bundle.unit-test";
		};
		929F9D74211EA95C0066BC69 /* GoJekUITests */ = {
			isa = PBXNativeTarget;
			buildConfigurationList = 929F9D84211EA95C0066BC69 /* Build configuration list for PBXNativeTarget "GoJekUITests" */;
			buildPhases = (
				929F9D71211EA95C0066BC69 /* Sources */,
				929F9D72211EA95C0066BC69 /* Frameworks */,
				929F9D73211EA95C0066BC69 /* Resources */,
			);
			buildRules = (
			);
			dependencies = (
				929F9D77211EA95C0066BC69 /* PBXTargetDependency */,
			);
			name = GoJekUITests;
			productName = GoJekUITests;
			productReference = 929F9D75211EA95C0066BC69 /* GoJekUITests.xctest */;
			productType = "com.apple.product-type.bundle.ui-testing";
		};
/* End PBXNativeTarget section */

/* Begin PBXProject section */
		929F9D4E211EA95A0066BC69 /* Project object */ = {
			isa = PBXProject;
			attributes = {
				LastSwiftUpdateCheck = 0930;
				LastUpgradeCheck = 0930;
				ORGANIZATIONNAME = sanjay;
				TargetAttributes = {
					929F9D55211EA95A0066BC69 = {
						CreatedOnToolsVersion = 9.3;
					};
					929F9D69211EA95C0066BC69 = {
						CreatedOnToolsVersion = 9.3;
						TestTargetID = 929F9D55211EA95A0066BC69;
					};
					929F9D74211EA95C0066BC69 = {
						CreatedOnToolsVersion = 9.3;
						TestTargetID = 929F9D55211EA95A0066BC69;
					};
				};
			};
			buildConfigurationList = 929F9D51211EA95A0066BC69 /* Build configuration list for PBXProject "GoJek" */;
			compatibilityVersion = "Xcode 9.3";
			developmentRegion = en;
			hasScannedForEncodings = 0;
			knownRegions = (
				en,
				Base,
			);
			mainGroup = 929F9D4D211EA95A0066BC69;
			productRefGroup = 929F9D57211EA95A0066BC69 /* Products */;
			projectDirPath = "";
			projectRoot = "";
			targets = (
				929F9D55211EA95A0066BC69 /* GoJek */,
				929F9D69211EA95C0066BC69 /* GoJekTests */,
				929F9D74211EA95C0066BC69 /* GoJekUITests */,
			);
		};
/* End PBXProject section */

/* Begin PBXResourcesBuildPhase section */
		929F9D54211EA95A0066BC69 /* Resources */ = {
			isa = PBXResourcesBuildPhase;
			buildActionMask = 2147483647;
			files = (
				929F9D64211EA95C0066BC69 /* LaunchScreen.storyboard in Resources */,
				929F9D61211EA95C0066BC69 /* Assets.xcassets in Resources */,
				929F9D5F211EA95A0066BC69 /* Main.storyboard in Resources */,
			);
			runOnlyForDeploymentPostprocessing = 0;
		};
		929F9D68211EA95C0066BC69 /* Resources */ = {
			isa = PBXResourcesBuildPhase;
			buildActionMask = 2147483647;
			files = (
			);
			runOnlyForDeploymentPostprocessing = 0;
		};
		929F9D73211EA95C0066BC69 /* Resources */ = {
			isa = PBXResourcesBuildPhase;
			buildActionMask = 2147483647;
			files = (
			);
			runOnlyForDeploymentPostprocessing = 0;
		};
/* End PBXResourcesBuildPhase section */

/* Begin PBXSourcesBuildPhase section */
		929F9D52211EA95A0066BC69 /* Sources */ = {
			isa = PBXSourcesBuildPhase;
			buildActionMask = 2147483647;
			files = (
				929F9D5C211EA95A0066BC69 /* GJContactsViewController.swift in Sources */,
				929F9D5A211EA95A0066BC69 /* AppDelegate.swift in Sources */,
			);
			runOnlyForDeploymentPostprocessing = 0;
		};
		929F9D66211EA95C0066BC69 /* Sources */ = {
			isa = PBXSourcesBuildPhase;
			buildActionMask = 2147483647;
			files = (
				929F9D6F211EA95C0066BC69 /* GoJekTests.swift in Sources */,
			);
			runOnlyForDeploymentPostprocessing = 0;
		};
		929F9D71211EA95C0066BC69 /* Sources */ = {
			isa = PBXSourcesBuildPhase;
			buildActionMask = 2147483647;
			files = (
				929F9D7A211EA95C0066BC69 /* GoJekUITests.swift in Sources */,
			);
			runOnlyForDeploymentPostprocessing = 0;
		};
/* End PBXSourcesBuildPhase section */

/* Begin PBXTargetDependency section */
		929F9D6C211EA95C0066BC69 /* PBXTargetDependency */ = {
			isa = PBXTargetDependency;
			target = 929F9D55211EA95A0066BC69 /* GoJek */;
			targetProxy = 929F9D6B211EA95C0066BC69 /* PBXContainerItemProxy */;
		};
		929F9D77211EA95C0066BC69 /* PBXTargetDependency */ = {
			isa = PBXTargetDependency;
			target = 929F9D55211EA95A0066BC69 /* GoJek */;
			targetProxy = 929F9D76211EA95C0066BC69 /* PBXContainerItemProxy */;
		};
/* End PBXTargetDependency section */

/* Begin PBXVariantGroup section */
		929F9D5D211EA95A0066BC69 /* Main.storyboard */ = {
			isa = PBXVariantGroup;
			children = (
				929F9D5E211EA95A0066BC69 /* Base */,
			);
			name = Main.storyboard;
			sourceTree = "<group>";
		};
		929F9D62211EA95C0066BC69 /* LaunchScreen.storyboard */ = {
			isa = PBXVariantGroup;
			children = (
				929F9D63211EA95C0066BC69 /* Base */,
			);
			name = LaunchScreen.storyboard;
			sourceTree = "<group>";
		};
/* End PBXVariantGroup section */

/* Begin XCBuildConfiguration section */
		929F9D7C211EA95C0066BC69 /* Debug */ = {
			isa = XCBuildConfiguration;
			buildSettings = {
				ALWAYS_SEARCH_USER_PATHS = NO;
				CLANG_ANALYZER_NONNULL = YES;
				CLANG_ANALYZER_NUMBER_OBJECT_CONVERSION = YES_AGGRESSIVE;
				CLANG_CXX_LANGUAGE_STANDARD = "gnu++14";
				CLANG_CXX_LIBRARY = "libc++";
				CLANG_ENABLE_MODULES = YES;
				CLANG_ENABLE_OBJC_ARC = YES;
				CLANG_ENABLE_OBJC_WEAK = YES;
				CLANG_WARN_BLOCK_CAPTURE_AUTORELEASING = YES;
				CLANG_WARN_BOOL_CONVERSION = YES;
				CLANG_WARN_COMMA = YES;
				CLANG_WARN_CONSTANT_CONVERSION = YES;
				CLANG_WARN_DEPRECATED_OBJC_IMPLEMENTATIONS = YES;
				CLANG_WARN_DIRECT_OBJC_ISA_USAGE = YES_ERROR;
				CLANG_WARN_DOCUMENTATION_COMMENTS = YES;
				CLANG_WARN_EMPTY_BODY = YES;
				CLANG_WARN_ENUM_CONVERSION = YES;
				CLANG_WARN_INFINITE_RECURSION = YES;
				CLANG_WARN_INT_CONVERSION = YES;
				CLANG_WARN_NON_LITERAL_NULL_CONVERSION = YES;
				CLANG_WARN_OBJC_IMPLICIT_RETAIN_SELF = YES;
				CLANG_WARN_OBJC_LITERAL_CONVERSION = YES;
				CLANG_WARN_OBJC_ROOT_CLASS = YES_ERROR;
				CLANG_WARN_RANGE_LOOP_ANALYSIS = YES;
				CLANG_WARN_STRICT_PROTOTYPES = YES;
				CLANG_WARN_SUSPICIOUS_MOVE = YES;
				CLANG_WARN_UNGUARDED_AVAILABILITY = YES_AGGRESSIVE;
				CLANG_WARN_UNREACHABLE_CODE = YES;
				CLANG_WARN__DUPLICATE_METHOD_MATCH = YES;
				CODE_SIGN_IDENTITY = "iPhone Developer";
				COPY_PHASE_STRIP = NO;
				DEBUG_INFORMATION_FORMAT = dwarf;
				ENABLE_STRICT_OBJC_MSGSEND = YES;
				ENABLE_TESTABILITY = YES;
				GCC_C_LANGUAGE_STANDARD = gnu11;
				GCC_DYNAMIC_NO_PIC = NO;
				GCC_NO_COMMON_BLOCKS = YES;
				GCC_OPTIMIZATION_LEVEL = 0;
				GCC_PREPROCESSOR_DEFINITIONS = (
					"DEBUG=1",
					"$(inherited)",
				);
				GCC_WARN_64_TO_32_BIT_CONVERSION = YES;
				GCC_WARN_ABOUT_RETURN_TYPE = YES_ERROR;
				GCC_WARN_UNDECLARED_SELECTOR = YES;
				GCC_WARN_UNINITIALIZED_AUTOS = YES_AGGRESSIVE;
				GCC_WARN_UNUSED_FUNCTION = YES;
				GCC_WARN_UNUSED_VARIABLE = YES;
				IPHONEOS_DEPLOYMENT_TARGET = 11.3;
				MTL_ENABLE_DEBUG_INFO = YES;
				ONLY_ACTIVE_ARCH = YES;
				SDKROOT = iphoneos;
				SWIFT_ACTIVE_COMPILATION_CONDITIONS = DEBUG;
				SWIFT_OPTIMIZATION_LEVEL = "-Onone";
			};
			name = Debug;
		};
		929F9D7D211EA95C0066BC69 /* Release */ = {
			isa = XCBuildConfiguration;
			buildSettings = {
				ALWAYS_SEARCH_USER_PATHS = NO;
				CLANG_ANALYZER_NONNULL = YES;
				CLANG_ANALYZER_NUMBER_OBJECT_CONVERSION = YES_AGGRESSIVE;
				CLANG_CXX_LANGUAGE_STANDARD = "gnu++14";
				CLANG_CXX_LIBRARY = "libc++";
				CLANG_ENABLE_MODULES = YES;
				CLANG_ENABLE_OBJC_ARC = YES;
				CLANG_ENABLE_OBJC_WEAK = YES;
				CLANG_WARN_BLOCK_CAPTURE_AUTORELEASING = YES;
				CLANG_WARN_BOOL_CONVERSION = YES;
				CLANG_WARN_COMMA = YES;
				CLANG_WARN_CONSTANT_CONVERSION = YES;
				CLANG_WARN_DEPRECATED_OBJC_IMPLEMENTATIONS = YES;
				CLANG_WARN_DIRECT_OBJC_ISA_USAGE = YES_ERROR;
				CLANG_WARN_DOCUMENTATION_COMMENTS = YES;
				CLANG_WARN_EMPTY_BODY = YES;
				CLANG_WARN_ENUM_CONVERSION = YES;
				CLANG_WARN_INFINITE_RECURSION = YES;
				CLANG_WARN_INT_CONVERSION = YES;
				CLANG_WARN_NON_LITERAL_NULL_CONVERSION = YES;
				CLANG_WARN_OBJC_IMPLICIT_RETAIN_SELF = YES;
				CLANG_WARN_OBJC_LITERAL_CONVERSION = YES;
				CLANG_WARN_OBJC_ROOT_CLASS = YES_ERROR;
				CLANG_WARN_RANGE_LOOP_ANALYSIS = YES;
				CLANG_WARN_STRICT_PROTOTYPES = YES;
				CLANG_WARN_SUSPICIOUS_MOVE = YES;
				CLANG_WARN_UNGUARDED_AVAILABILITY = YES_AGGRESSIVE;
				CLANG_WARN_UNREACHABLE_CODE = YES;
				CLANG_WARN__DUPLICATE_METHOD_MATCH = YES;
				CODE_SIGN_IDENTITY = "iPhone Developer";
				COPY_PHASE_STRIP = NO;
				DEBUG_INFORMATION_FORMAT = "dwarf-with-dsym";
				ENABLE_NS_ASSERTIONS = NO;
				ENABLE_STRICT_OBJC_MSGSEND = YES;
				GCC_C_LANGUAGE_STANDARD = gnu11;
				GCC_NO_COMMON_BLOCKS = YES;
				GCC_WARN_64_TO_32_BIT_CONVERSION = YES;
				GCC_WARN_ABOUT_RETURN_TYPE = YES_ERROR;
				GCC_WARN_UNDECLARED_SELECTOR = YES;
				GCC_WARN_UNINITIALIZED_AUTOS = YES_AGGRESSIVE;
				GCC_WARN_UNUSED_FUNCTION = YES;
				GCC_WARN_UNUSED_VARIABLE = YES;
				IPHONEOS_DEPLOYMENT_TARGET = 11.3;
				MTL_ENABLE_DEBUG_INFO = NO;
				SDKROOT = iphoneos;
				SWIFT_COMPILATION_MODE = wholemodule;
				SWIFT_OPTIMIZATION_LEVEL = "-O";
				VALIDATE_PRODUCT = YES;
			};
			name = Release;
		};
		929F9D7F211EA95C0066BC69 /* Debug */ = {
			isa = XCBuildConfiguration;
			buildSettings = {
				ASSETCATALOG_COMPILER_APPICON_NAME = AppIcon;
				CODE_SIGN_STYLE = Automatic;
				INFOPLIST_FILE = GoJek/Info.plist;
				LD_RUNPATH_SEARCH_PATHS = (
					"$(inherited)",
					"@executable_path/Frameworks",
				);
				PRODUCT_BUNDLE_IDENTIFIER = com.test.gojek.GoJek;
				PRODUCT_NAME = "$(TARGET_NAME)";
				SWIFT_VERSION = 4.0;
				TARGETED_DEVICE_FAMILY = "1,2";
			};
			name = Debug;
		};
		929F9D80211EA95C0066BC69 /* Release */ = {
			isa = XCBuildConfiguration;
			buildSettings = {
				ASSETCATALOG_COMPILER_APPICON_NAME = AppIcon;
				CODE_SIGN_STYLE = Automatic;
				INFOPLIST_FILE = GoJek/Info.plist;
				LD_RUNPATH_SEARCH_PATHS = (
					"$(inherited)",
					"@executable_path/Frameworks",
				);
				PRODUCT_BUNDLE_IDENTIFIER = com.test.gojek.GoJek;
				PRODUCT_NAME = "$(TARGET_NAME)";
				SWIFT_VERSION = 4.0;
				TARGETED_DEVICE_FAMILY = "1,2";
			};
			name = Release;
		};
		929F9D82211EA95C0066BC69 /* Debug */ = {
			isa = XCBuildConfiguration;
			buildSettings = {
				ALWAYS_EMBED_SWIFT_STANDARD_LIBRARIES = YES;
				BUNDLE_LOADER = "$(TEST_HOST)";
				CODE_SIGN_STYLE = Automatic;
				INFOPLIST_FILE = GoJekTests/Info.plist;
				LD_RUNPATH_SEARCH_PATHS = (
					"$(inherited)",
					"@executable_path/Frameworks",
					"@loader_path/Frameworks",
				);
				PRODUCT_BUNDLE_IDENTIFIER = com.test.gojek.GoJekTests;
				PRODUCT_NAME = "$(TARGET_NAME)";
				SWIFT_VERSION = 4.0;
				TARGETED_DEVICE_FAMILY = "1,2";
				TEST_HOST = "$(BUILT_PRODUCTS_DIR)/GoJek.app/GoJek";
			};
			name = Debug;
		};
		929F9D83211EA95C0066BC69 /* Release */ = {
			isa = XCBuildConfiguration;
			buildSettings = {
				ALWAYS_EMBED_SWIFT_STANDARD_LIBRARIES = YES;
				BUNDLE_LOADER = "$(TEST_HOST)";
				CODE_SIGN_STYLE = Automatic;
				INFOPLIST_FILE = GoJekTests/Info.plist;
				LD_RUNPATH_SEARCH_PATHS = (
					"$(inherited)",
					"@executable_path/Frameworks",
					"@loader_path/Frameworks",
				);
				PRODUCT_BUNDLE_IDENTIFIER = com.test.gojek.GoJekTests;
				PRODUCT_NAME = "$(TARGET_NAME)";
				SWIFT_VERSION = 4.0;
				TARGETED_DEVICE_FAMILY = "1,2";
				TEST_HOST = "$(BUILT_PRODUCTS_DIR)/GoJek.app/GoJek";
			};
			name = Release;
		};
		929F9D85211EA95C0066BC69 /* Debug */ = {
			isa = XCBuildConfiguration;
			buildSettings = {
				ALWAYS_EMBED_SWIFT_STANDARD_LIBRARIES = YES;
				CODE_SIGN_STYLE = Automatic;
				INFOPLIST_FILE = GoJekUITests/Info.plist;
				LD_RUNPATH_SEARCH_PATHS = (
					"$(inherited)",
					"@executable_path/Frameworks",
					"@loader_path/Frameworks",
				);
				PRODUCT_BUNDLE_IDENTIFIER = com.test.gojek.GoJekUITests;
				PRODUCT_NAME = "$(TARGET_NAME)";
				SWIFT_VERSION = 4.0;
				TARGETED_DEVICE_FAMILY = "1,2";
				TEST_TARGET_NAME = GoJek;
			};
			name = Debug;
		};
		929F9D86211EA95C0066BC69 /* Release */ = {
			isa = XCBuildConfiguration;
			buildSettings = {
				ALWAYS_EMBED_SWIFT_STANDARD_LIBRARIES = YES;
				CODE_SIGN_STYLE = Automatic;
				INFOPLIST_FILE = GoJekUITests/Info.plist;
				LD_RUNPATH_SEARCH_PATHS = (
					"$(inherited)",
					"@executable_path/Frameworks",
					"@loader_path/Frameworks",
				);
				PRODUCT_BUNDLE_IDENTIFIER = com.test.gojek.GoJekUITests;
				PRODUCT_NAME = "$(TARGET_NAME)";
				SWIFT_VERSION = 4.0;
				TARGETED_DEVICE_FAMILY = "1,2";
				TEST_TARGET_NAME = GoJek;
			};
			name = Release;
		};
/* End XCBuildConfiguration section */

/* Begin XCConfigurationList section */
		929F9D51211EA95A0066BC69 /* Build configuration list for PBXProject "GoJek" */ = {
			isa = XCConfigurationList;
			buildConfigurations = (
				929F9D7C211EA95C0066BC69 /* Debug */,
				929F9D7D211EA95C0066BC69 /* Release */,
			);
			defaultConfigurationIsVisible = 0;
			defaultConfigurationName = Release;
		};
		929F9D7E211EA95C0066BC69 /* Build configuration list for PBXNativeTarget "GoJek" */ = {
			isa = XCConfigurationList;
			buildConfigurations = (
				929F9D7F211EA95C0066BC69 /* Debug */,
				929F9D80211EA95C0066BC69 /* Release */,
			);
			defaultConfigurationIsVisible = 0;
			defaultConfigurationName = Release;
		};
		929F9D81211EA95C0066BC69 /* Build configuration list for PBXNativeTarget "GoJekTests" */ = {
			isa = XCConfigurationList;
			buildConfigurations = (
				929F9D82211EA95C0066BC69 /* Debug */,
				929F9D83211EA95C0066BC69 /* Release */,
			);
			defaultConfigurationIsVisible = 0;
			defaultConfigurationName = Release;
		};
		929F9D84211EA95C0066BC69 /* Build configuration list for PBXNativeTarget "GoJekUITests" */ = {
			isa = XCConfigurationList;
			buildConfigurations = (
				929F9D85211EA95C0066BC69 /* Debug */,
				929F9D86211EA95C0066BC69 /* Release */,
			);
			defaultConfigurationIsVisible = 0;
			defaultConfigurationName = Release;
		};
/* End XCConfigurationList section */
	};
	rootObject = 929F9D4E211EA95A0066BC69 /* Project object */;
}
